
Microsoft Visual Studio Solution File, Format Version 12.00
# Visual Studio Version 17
VisualStudioVersion = 17.14.36414.22
MinimumVisualStudioVersion = 10.0.40219.1
Project("{FAE04EC0-301F-11D3-BF4B-00C04F79EFBC}") = "OXCFontConverter", "OXCFontConverter.csproj", "{0913F633-2868-42A3-A69E-7D86D2C4591F}"
EndProject
Global
	GlobalSection(SolutionConfigurationPlatforms) = preSolution
		Debug|Any CPU = Debug|Any CPU
		Release|Any CPU = Release|Any CPU
	EndGlobalSection
	GlobalSection(ProjectConfigurationPlatforms) = postSolution
		{0913F633-2868-42A3-A69E-7D86D2C4591F}.Debug|Any CPU.ActiveCfg = Debug|Any CPU
		{0913F633-2868-42A3-A69E-7D86D2C4591F}.Debug|Any CPU.Build.0 = Debug|Any CPU
		{0913F633-2868-42A3-A69E-7D86D2C4591F}.Release|Any CPU.ActiveCfg = Release|Any CPU
		{0913F633-2868-42A3-A69E-7D86D2C4591F}.Release|Any CPU.Build.0 = Release|Any CPU
	EndGlobalSection
	GlobalSection(SolutionProperties) = preSolution
		HideSolutionNode = FALSE
	EndGlobalSection
	GlobalSection(ExtensibilityGlobals) = postSolution
		SolutionGuid = {08E65513-07D7-444D-8DA0-7FB74FC5C757}
	EndGlobalSection
EndGlobal
